// !$*UTF8*$!
{
	archiveVersion = 1;
	classes = {
	};
	objectVersion = 46;
	objects = {

/* Begin PBXBuildFile section */
		F1EDD3D515977843007BF4C5 /* main.cpp in Sources */ = {isa = PBXBuildFile; fileRef = F1EDD3D415977843007BF4C5 /* main.cpp */; };
		F1EDD3D715977843007BF4C5 /* semestre4.1 in CopyFiles */ = {isa = PBXBuildFile; fileRef = F1EDD3D615977843007BF4C5 /* semestre4.1 */; };
/* End PBXBuildFile section */

/* Begin PBXCopyFilesBuildPhase section */
		F1EDD3CE15977843007BF4C5 /* CopyFiles */ = {
			isa = PBXCopyFilesBuildPhase;
			buildActionMask = 2147483647;
			dstPath = /usr/share/man/man1/;
			dstSubfolderSpec = 0;
			files = (
				F1EDD3D715977843007BF4C5 /* semestre4.1 in CopyFiles */,
			);
			runOnlyForDeploymentPostprocessing = 1;
		};
/* End PBXCopyFilesBuildPhase section */

/* Begin PBXFileReference section */
		F1EDD3D015977843007BF4C5 /* semestre4 */ = {isa = PBXFileReference; explicitFileType = "compiled.mach-o.executable"; includeInIndex = 0; path = semestre4; sourceTree = BUILT_PRODUCTS_DIR; };
		F1EDD3D415977843007BF4C5 /* main.cpp */ = {isa = PBXFileReference; lastKnownFileType = sourcecode.cpp.cpp; path = main.cpp; sourceTree = "<group>"; };
		F1EDD3D615977843007BF4C5 /* semestre4.1 */ = {isa = PBXFileReference; lastKnownFileType = text.man; path = semestre4.1; sourceTree = "<group>"; };
/* End PBXFileReference section */

/* Begin PBXFrameworksBuildPhase section */
		F1EDD3CD15977843007BF4C5 /* Frameworks */ = {
			isa = PBXFrameworksBuildPhase;
			buildActionMask = 2147483647;
			files = (
			);
			runOnlyForDeploymentPostprocessing = 0;
		};
/* End PBXFrameworksBuildPhase section */

/* Begin PBXGroup section */
		F1EDD3C515977843007BF4C5 = {
			isa = PBXGroup;
			children = (
				F1EDD3D315977843007BF4C5 /* semestre4 */,
				F1EDD3D115977843007BF4C5 /* Products */,
			);
			sourceTree = "<group>";
		};
		F1EDD3D115977843007BF4C5 /* Products */ = {
			isa = PBXGroup;
			children = (
				F1EDD3D015977843007BF4C5 /* semestre4 */,
			);
			name = Products;
			sourceTree = "<group>";
		};
		F1EDD3D315977843007BF4C5 /* semestre4 */ = {
			isa = PBXGroup;
			children = (
				F1EDD3D415977843007BF4C5 /* main.cpp */,
				F1EDD3D615977843007BF4C5 /* semestre4.1 */,
			);
			path = semestre4;
			sourceTree = "<group>";
		};
/* End PBXGroup section */

/* Begin PBXNativeTarget section */
		F1EDD3CF15977843007BF4C5 /* semestre4 */ = {
			isa = PBXNativeTarget;
			buildConfigurationList = F1EDD3DA15977843007BF4C5 /* Build configuration list for PBXNativeTarget "semestre4" */;
			buildPhases = (
				F1EDD3CC15977843007BF4C5 /* Sources */,
				F1EDD3CD15977843007BF4C5 /* Frameworks */,
				F1EDD3CE15977843007BF4C5 /* CopyFiles */,
			);
			buildRules = (
			);
			dependencies = (
			);
			name = semestre4;
			productName = semestre4;
			productReference = F1EDD3D015977843007BF4C5 /* semestre4 */;
			productType = "com.apple.product-type.tool";
		};
/* End PBXNativeTarget section */

/* Begin PBXProject section */
		F1EDD3C715977843007BF4C5 /* Project object */ = {
			isa = PBXProject;
			attributes = {
				LastUpgradeCheck = 0430;
			};
			buildConfigurationList = F1EDD3CA15977843007BF4C5 /* Build configuration list for PBXProject "semestre4" */;
			compatibilityVersion = "Xcode 3.2";
			developmentRegion = English;
			hasScannedForEncodings = 0;
			knownRegions = (
				en,
			);
			mainGroup = F1EDD3C515977843007BF4C5;
			productRefGroup = F1EDD3D115977843007BF4C5 /* Products */;
			projectDirPath = "";
			projectRoot = "";
			targets = (
				F1EDD3CF15977843007BF4C5 /* semestre4 */,
			);
		};
/* End PBXProject section */

/* Begin PBXSourcesBuildPhase section */
		F1EDD3CC15977843007BF4C5 /* Sources */ = {
			isa = PBXSourcesBuildPhase;
			buildActionMask = 2147483647;
			files = (
				F1EDD3D515977843007BF4C5 /* main.cpp in Sources */,
			);
			runOnlyForDeploymentPostprocessing = 0;
		};
/* End PBXSourcesBuildPhase section */

/* Begin XCBuildConfiguration section */
		F1EDD3D815977843007BF4C5 /* Debug */ = {
			isa = XCBuildConfiguration;
			buildSettings = {
				ALWAYS_SEARCH_USER_PATHS = NO;
				ARCHS = "$(ARCHS_STANDARD_64_BIT)";
				CLANG_ENABLE_OBJC_ARC = YES;
				COPY_PHASE_STRIP = NO;
				GCC_C_LANGUAGE_STANDARD = gnu99;
				GCC_DYNAMIC_NO_PIC = NO;
				GCC_ENABLE_OBJC_EXCEPTIONS = YES;
				GCC_OPTIMIZATION_LEVEL = 0;
				GCC_PREPROCESSOR_DEFINITIONS = (
					"DEBUG=1",
					"$(inherited)",
				);
				GCC_SYMBOLS_PRIVATE_EXTERN = NO;
				GCC_VERSION = com.apple.compilers.llvm.clang.1_0;
				GCC_WARN_64_TO_32_BIT_CONVERSION = YES;
				GCC_WARN_ABOUT_RETURN_TYPE = YES;
				GCC_WARN_UNINITIALIZED_AUTOS = YES;
				GCC_WARN_UNUSED_VARIABLE = YES;
				MACOSX_DEPLOYMENT_TARGET = 10.7;
				ONLY_ACTIVE_ARCH = YES;
				SDKROOT = macosx;
			};
			name = Debug;
		};
		F1EDD3D915977843007BF4C5 /* Release */ = {
			isa = XCBuildConfiguration;
			buildSettings = {
				ALWAYS_SEARCH_USER_PATHS = NO;
				ARCHS = "$(ARCHS_STANDARD_64_BIT)";
				CLANG_ENABLE_OBJC_ARC = YES;
				COPY_PHASE_STRIP = YES;
				DEBUG_INFORMATION_FORMAT = "dwarf-with-dsym";
				GCC_C_LANGUAGE_STANDARD = gnu99;
				GCC_ENABLE_OBJC_EXCEPTIONS = YES;
				GCC_VERSION = com.apple.compilers.llvm.clang.1_0;
				GCC_WARN_64_TO_32_BIT_CONVERSION = YES;
				GCC_WARN_ABOUT_RETURN_TYPE = YES;
				GCC_WARN_UNINITIALIZED_AUTOS = YES;
				GCC_WARN_UNUSED_VARIABLE = YES;
				MACOSX_DEPLOYMENT_TARGET = 10.7;
				SDKROOT = macosx;
			};
			name = Release;
		};
		F1EDD3DB15977843007BF4C5 /* Debug */ = {
			isa = XCBuildConfiguration;
			buildSettings = {
				PRODUCT_NAME = "$(TARGET_NAME)";
			};
			name = Debug;
		};
		F1EDD3DC15977843007BF4C5 /* Release */ = {
			isa = XCBuildConfiguration;
			buildSettings = {
				PRODUCT_NAME = "$(TARGET_NAME)";
			};
			name = Release;
		};
/* End XCBuildConfiguration section */

/* Begin XCConfigurationList section */
		F1EDD3CA15977843007BF4C5 /* Build configuration list for PBXProject "semestre4" */ = {
			isa = XCConfigurationList;
			buildConfigurations = (
				F1EDD3D815977843007BF4C5 /* Debug */,
				F1EDD3D915977843007BF4C5 /* Release */,
			);
			defaultConfigurationIsVisible = 0;
			defaultConfigurationName = Release;
		};
		F1EDD3DA15977843007BF4C5 /* Build configuration list for PBXNativeTarget "semestre4" */ = {
			isa = XCConfigurationList;
			buildConfigurations = (
				F1EDD3DB15977843007BF4C5 /* Debug */,
				F1EDD3DC15977843007BF4C5 /* Release */,
			);
			defaultConfigurationIsVisible = 0;
		};
/* End XCConfigurationList section */
	};
	rootObject = F1EDD3C715977843007BF4C5 /* Project object */;
}
